// !$*UTF8*$!
{
	archiveVersion = 1;
	classes = {
	};
	objectVersion = 50;
	objects = {

/* Begin PBXBuildFile section */
		0C07F9551F4151250042C9F5 /* SceneMath.swift in Sources */ = {isa = PBXBuildFile; fileRef = 0C07F9541F4151250042C9F5 /* SceneMath.swift */; };
		0C11552721064822007FD827 /* StoreKit.framework in Frameworks */ = {isa = PBXBuildFile; fileRef = 0C11552621064822007FD827 /* StoreKit.framework */; };
		0C2375EF1ED838D900ECB516 /* AppDelegate.swift in Sources */ = {isa = PBXBuildFile; fileRef = 0C2375EE1ED838D900ECB516 /* AppDelegate.swift */; };
		0C2375F11ED838D900ECB516 /* ViewController.swift in Sources */ = {isa = PBXBuildFile; fileRef = 0C2375F01ED838D900ECB516 /* ViewController.swift */; };
		0C2375F31ED838D900ECB516 /* Document.swift in Sources */ = {isa = PBXBuildFile; fileRef = 0C2375F21ED838D900ECB516 /* Document.swift */; };
		0C2375F81ED838D900ECB516 /* Assets.xcassets in Resources */ = {isa = PBXBuildFile; fileRef = 0C2375F71ED838D900ECB516 /* Assets.xcassets */; };
		0C2375FB1ED838D900ECB516 /* Main.storyboard in Resources */ = {isa = PBXBuildFile; fileRef = 0C2375F91ED838D900ECB516 /* Main.storyboard */; };
		0C27F05E1EDC225B006CD2A2 /* ElementModel.swift in Sources */ = {isa = PBXBuildFile; fileRef = 0C27F05D1EDC225B006CD2A2 /* ElementModel.swift */; };
		0C34564E1ED88E9100341F1C /* SceneDrawView.swift in Sources */ = {isa = PBXBuildFile; fileRef = 0C34564D1ED88E9100341F1C /* SceneDrawView.swift */; };
		0C3A36BE2085B41200CC646C /* SearchBoxController.swift in Sources */ = {isa = PBXBuildFile; fileRef = 0C3A36BD2085B41100CC646C /* SearchBoxController.swift */; };
		0C3E178720FD053A00AB9D3D /* ExportViewController.swift in Sources */ = {isa = PBXBuildFile; fileRef = 0C3E178620FD053A00AB9D3D /* ExportViewController.swift */; };
		0C3E41D21F07EC48009C2A2E /* ElementScene.swift in Sources */ = {isa = PBXBuildFile; fileRef = 0C3E41D11F07EC48009C2A2E /* ElementScene.swift */; };
		0C439D201FFFFAD20031AE78 /* Outline-ViewController-Extension.swift in Sources */ = {isa = PBXBuildFile; fileRef = 0C439D1F1FFFFAD20031AE78 /* Outline-ViewController-Extension.swift */; };
		0C439D22200335A10031AE78 /* TennModel.swift in Sources */ = {isa = PBXBuildFile; fileRef = 0C439D21200335A10031AE78 /* TennModel.swift */; };
		0C439D25200337AB0031AE78 /* ElementProperties.swift in Sources */ = {isa = PBXBuildFile; fileRef = 0C439D24200337AB0031AE78 /* ElementProperties.swift */; };
		0C4C16081F2E369A000C5410 /* LayoutBase.swift in Sources */ = {isa = PBXBuildFile; fileRef = 0C4C16071F2E369A000C5410 /* LayoutBase.swift */; };
		0C4F1472200889CC009C9EC5 /* ColorNames.swift in Sources */ = {isa = PBXBuildFile; fileRef = 0C4F1471200889CC009C9EC5 /* ColorNames.swift */; };
		0C5C6D1D1EFF655B00714971 /* TenniarbTests.swift in Sources */ = {isa = PBXBuildFile; fileRef = 0C5C6D1C1EFF655B00714971 /* TenniarbTests.swift */; };
		0C5C6D251EFF669500714971 /* TennTests.swift in Sources */ = {isa = PBXBuildFile; fileRef = 0C5C6D241EFF669500714971 /* TennTests.swift */; };
		0C5C6D271EFF7D5900714971 /* TennParser.swift in Sources */ = {isa = PBXBuildFile; fileRef = 0C5C6D261EFF7D5900714971 /* TennParser.swift */; };
		0C86047F1EF040F70009B205 /* SceneDraw3D.swift in Sources */ = {isa = PBXBuildFile; fileRef = 0C86047E1EF040F70009B205 /* SceneDraw3D.swift */; };
		0C9A4C731FCBD3C30043FD52 /* ElementPersistence.swift in Sources */ = {isa = PBXBuildFile; fileRef = 0C9A4C721FCBD3C30043FD52 /* ElementPersistence.swift */; };
		0C9C9411201F749800E67794 /* ElementOperations.swift in Sources */ = {isa = PBXBuildFile; fileRef = 0C9C9410201F749800E67794 /* ElementOperations.swift */; };
		0CB9183E1FFA465000725EBC /* SourcePopoverViewController.swift in Sources */ = {isa = PBXBuildFile; fileRef = 0CB9183D1FFA465000725EBC /* SourcePopoverViewController.swift */; };
		0CB9A88A1EFA6EA6003E5B58 /* TennLexer.swift in Sources */ = {isa = PBXBuildFile; fileRef = 0CB9A8891EFA6EA6003E5B58 /* TennLexer.swift */; };
		0CBF20D41EF98F0200FE17D5 /* WindowController.swift in Sources */ = {isa = PBXBuildFile; fileRef = 0CBF20D31EF98F0200FE17D5 /* WindowController.swift */; };
		0CC3F382200D07DB0050D7E6 /* TextPropertiesDelegate.swift in Sources */ = {isa = PBXBuildFile; fileRef = 0CC3F381200D07DB0050D7E6 /* TextPropertiesDelegate.swift */; };
		0CC4D3541F930F5500875F9E /* PersistenceTests.swift in Sources */ = {isa = PBXBuildFile; fileRef = 0CC4D3531F930F5500875F9E /* PersistenceTests.swift */; };
		0CC4D3561F930FE700875F9E /* SampleElementModels.swift in Sources */ = {isa = PBXBuildFile; fileRef = 0CC4D3551F930FE700875F9E /* SampleElementModels.swift */; };
		0CE5F86A1F02C64400F7CB88 /* TennPrinter.swift in Sources */ = {isa = PBXBuildFile; fileRef = 0CE5F8691F02C64400F7CB88 /* TennPrinter.swift */; };
/* End PBXBuildFile section */

/* Begin PBXContainerItemProxy section */
		0C5C6D1F1EFF655B00714971 /* PBXContainerItemProxy */ = {
			isa = PBXContainerItemProxy;
			containerPortal = 0C2375E31ED838D900ECB516 /* Project object */;
			proxyType = 1;
			remoteGlobalIDString = 0C2375EA1ED838D900ECB516;
			remoteInfo = Tenniarb;
		};
/* End PBXContainerItemProxy section */

/* Begin PBXCopyFilesBuildPhase section */
		0C35FF1120DC09BD00BE3B2C /* Embed App Extensions */ = {
			isa = PBXCopyFilesBuildPhase;
			buildActionMask = 2147483647;
			dstPath = "";
			dstSubfolderSpec = 13;
			files = (
			);
			name = "Embed App Extensions";
			runOnlyForDeploymentPostprocessing = 0;
		};
/* End PBXCopyFilesBuildPhase section */

/* Begin PBXFileReference section */
		0C07F9541F4151250042C9F5 /* SceneMath.swift */ = {isa = PBXFileReference; lastKnownFileType = sourcecode.swift; path = SceneMath.swift; sourceTree = "<group>"; };
		0C11552621064822007FD827 /* StoreKit.framework */ = {isa = PBXFileReference; lastKnownFileType = wrapper.framework; name = StoreKit.framework; path = System/Library/Frameworks/StoreKit.framework; sourceTree = SDKROOT; };
		0C235ED21F13F4B9004E37AC /* readme.md */ = {isa = PBXFileReference; lastKnownFileType = net.daringfireball.markdown; name = readme.md; path = docs/readme.md; sourceTree = "<group>"; };
		0C2375EB1ED838D900ECB516 /* Tenniarb.app */ = {isa = PBXFileReference; explicitFileType = wrapper.application; includeInIndex = 0; path = Tenniarb.app; sourceTree = BUILT_PRODUCTS_DIR; };
		0C2375EE1ED838D900ECB516 /* AppDelegate.swift */ = {isa = PBXFileReference; lastKnownFileType = sourcecode.swift; path = AppDelegate.swift; sourceTree = "<group>"; };
		0C2375F01ED838D900ECB516 /* ViewController.swift */ = {isa = PBXFileReference; lastKnownFileType = sourcecode.swift; path = ViewController.swift; sourceTree = "<group>"; };
		0C2375F21ED838D900ECB516 /* Document.swift */ = {isa = PBXFileReference; lastKnownFileType = sourcecode.swift; path = Document.swift; sourceTree = "<group>"; };
		0C2375F71ED838D900ECB516 /* Assets.xcassets */ = {isa = PBXFileReference; lastKnownFileType = folder.assetcatalog; path = Assets.xcassets; sourceTree = "<group>"; };
		0C2375FA1ED838D900ECB516 /* Base */ = {isa = PBXFileReference; lastKnownFileType = file.storyboard; name = Base; path = Base.lproj/Main.storyboard; sourceTree = "<group>"; };
		0C2375FC1ED838D900ECB516 /* Info.plist */ = {isa = PBXFileReference; lastKnownFileType = text.plist.xml; path = Info.plist; sourceTree = "<group>"; };
		0C27F05D1EDC225B006CD2A2 /* ElementModel.swift */ = {isa = PBXFileReference; fileEncoding = 4; lastKnownFileType = sourcecode.swift; name = ElementModel.swift; path = model/ElementModel.swift; sourceTree = "<group>"; };
		0C3130611F0A9D2600FA5624 /* examples.md */ = {isa = PBXFileReference; lastKnownFileType = net.daringfireball.markdown; name = examples.md; path = docs/examples.md; sourceTree = "<group>"; };
		0C34564D1ED88E9100341F1C /* SceneDrawView.swift */ = {isa = PBXFileReference; fileEncoding = 4; lastKnownFileType = sourcecode.swift; path = SceneDrawView.swift; sourceTree = "<group>"; };
		0C35FF0120DC09BD00BE3B2C /* Quartz.framework */ = {isa = PBXFileReference; lastKnownFileType = wrapper.framework; name = Quartz.framework; path = System/Library/Frameworks/Quartz.framework; sourceTree = SDKROOT; };
		0C3A36BD2085B41100CC646C /* SearchBoxController.swift */ = {isa = PBXFileReference; lastKnownFileType = sourcecode.swift; name = SearchBoxController.swift; path = views/SearchBoxController.swift; sourceTree = "<group>"; };
		0C3AA4342041582F0054DCDF /* TenniarbUITests.swift */ = {isa = PBXFileReference; lastKnownFileType = sourcecode.swift; path = TenniarbUITests.swift; sourceTree = "<group>"; };
		0C3AA4362041582F0054DCDF /* Info.plist */ = {isa = PBXFileReference; lastKnownFileType = text.plist.xml; path = Info.plist; sourceTree = "<group>"; };
		0C3E178620FD053A00AB9D3D /* ExportViewController.swift */ = {isa = PBXFileReference; lastKnownFileType = sourcecode.swift; name = ExportViewController.swift; path = views/ExportViewController.swift; sourceTree = "<group>"; };
		0C3E41D11F07EC48009C2A2E /* ElementScene.swift */ = {isa = PBXFileReference; lastKnownFileType = sourcecode.swift; path = ElementScene.swift; sourceTree = "<group>"; };
		0C3E41D41F0951EC009C2A2E /* Icon.icns */ = {isa = PBXFileReference; lastKnownFileType = image.icns; path = Icon.icns; sourceTree = "<group>"; };
		0C439D1F1FFFFAD20031AE78 /* Outline-ViewController-Extension.swift */ = {isa = PBXFileReference; lastKnownFileType = sourcecode.swift; path = "Outline-ViewController-Extension.swift"; sourceTree = "<group>"; };
		0C439D21200335A10031AE78 /* TennModel.swift */ = {isa = PBXFileReference; lastKnownFileType = sourcecode.swift; path = TennModel.swift; sourceTree = "<group>"; };
		0C439D24200337AB0031AE78 /* ElementProperties.swift */ = {isa = PBXFileReference; lastKnownFileType = sourcecode.swift; name = ElementProperties.swift; path = model/ElementProperties.swift; sourceTree = "<group>"; };
		0C4C16071F2E369A000C5410 /* LayoutBase.swift */ = {isa = PBXFileReference; lastKnownFileType = sourcecode.swift; path = LayoutBase.swift; sourceTree = "<group>"; };
		0C4F1471200889CC009C9EC5 /* ColorNames.swift */ = {isa = PBXFileReference; lastKnownFileType = sourcecode.swift; path = ColorNames.swift; sourceTree = "<group>"; };
		0C571C59206A069600ACDC6D /* Tenniarb.entitlements */ = {isa = PBXFileReference; lastKnownFileType = text.plist.entitlements; path = Tenniarb.entitlements; sourceTree = "<group>"; };
		0C5C6D1A1EFF655B00714971 /* TenniarbTests.xctest */ = {isa = PBXFileReference; explicitFileType = wrapper.cfbundle; includeInIndex = 0; path = TenniarbTests.xctest; sourceTree = BUILT_PRODUCTS_DIR; };
		0C5C6D1C1EFF655B00714971 /* TenniarbTests.swift */ = {isa = PBXFileReference; lastKnownFileType = sourcecode.swift; path = TenniarbTests.swift; sourceTree = "<group>"; };
		0C5C6D1E1EFF655B00714971 /* Info.plist */ = {isa = PBXFileReference; lastKnownFileType = text.plist.xml; path = Info.plist; sourceTree = "<group>"; };
		0C5C6D241EFF669500714971 /* TennTests.swift */ = {isa = PBXFileReference; lastKnownFileType = sourcecode.swift; path = TennTests.swift; sourceTree = "<group>"; };
		0C5C6D261EFF7D5900714971 /* TennParser.swift */ = {isa = PBXFileReference; lastKnownFileType = sourcecode.swift; path = TennParser.swift; sourceTree = "<group>"; };
		0C86047E1EF040F70009B205 /* SceneDraw3D.swift */ = {isa = PBXFileReference; lastKnownFileType = sourcecode.swift; path = SceneDraw3D.swift; sourceTree = "<group>"; };
		0C9A4C721FCBD3C30043FD52 /* ElementPersistence.swift */ = {isa = PBXFileReference; lastKnownFileType = sourcecode.swift; path = ElementPersistence.swift; sourceTree = "<group>"; };
		0C9C9410201F749800E67794 /* ElementOperations.swift */ = {isa = PBXFileReference; lastKnownFileType = sourcecode.swift; name = ElementOperations.swift; path = model/ElementOperations.swift; sourceTree = "<group>"; };
		0CB9183D1FFA465000725EBC /* SourcePopoverViewController.swift */ = {isa = PBXFileReference; lastKnownFileType = sourcecode.swift; name = SourcePopoverViewController.swift; path = views/SourcePopoverViewController.swift; sourceTree = "<group>"; };
		0CB9A8891EFA6EA6003E5B58 /* TennLexer.swift */ = {isa = PBXFileReference; lastKnownFileType = sourcecode.swift; path = TennLexer.swift; sourceTree = "<group>"; };
		0CBF20D31EF98F0200FE17D5 /* WindowController.swift */ = {isa = PBXFileReference; lastKnownFileType = sourcecode.swift; path = WindowController.swift; sourceTree = "<group>"; };
		0CC3F381200D07DB0050D7E6 /* TextPropertiesDelegate.swift */ = {isa = PBXFileReference; lastKnownFileType = sourcecode.swift; path = TextPropertiesDelegate.swift; sourceTree = "<group>"; };
		0CC4D3531F930F5500875F9E /* PersistenceTests.swift */ = {isa = PBXFileReference; lastKnownFileType = sourcecode.swift; path = PersistenceTests.swift; sourceTree = "<group>"; };
		0CC4D3551F930FE700875F9E /* SampleElementModels.swift */ = {isa = PBXFileReference; lastKnownFileType = sourcecode.swift; path = SampleElementModels.swift; sourceTree = "<group>"; };
		0CE5F8691F02C64400F7CB88 /* TennPrinter.swift */ = {isa = PBXFileReference; lastKnownFileType = sourcecode.swift; path = TennPrinter.swift; sourceTree = "<group>"; };
/* End PBXFileReference section */

/* Begin PBXFrameworksBuildPhase section */
		0C2375E81ED838D900ECB516 /* Frameworks */ = {
			isa = PBXFrameworksBuildPhase;
			buildActionMask = 2147483647;
			files = (
				0C11552721064822007FD827 /* StoreKit.framework in Frameworks */,
			);
			runOnlyForDeploymentPostprocessing = 0;
		};
		0C5C6D171EFF655B00714971 /* Frameworks */ = {
			isa = PBXFrameworksBuildPhase;
			buildActionMask = 2147483647;
			files = (
			);
			runOnlyForDeploymentPostprocessing = 0;
		};
/* End PBXFrameworksBuildPhase section */

/* Begin PBXGroup section */
		0C2375E21ED838D900ECB516 = {
			isa = PBXGroup;
			children = (
				0C3130601F0A9D0100FA5624 /* Documentation */,
				0C2375ED1ED838D900ECB516 /* Tenniarb */,
				0C5C6D1B1EFF655B00714971 /* TenniarbTests */,
				0C3AA4332041582F0054DCDF /* TenniarbUITests */,
				0C35FF0020DC09BD00BE3B2C /* Frameworks */,
				0C2375EC1ED838D900ECB516 /* Products */,
			);
			sourceTree = "<group>";
		};
		0C2375EC1ED838D900ECB516 /* Products */ = {
			isa = PBXGroup;
			children = (
				0C2375EB1ED838D900ECB516 /* Tenniarb.app */,
				0C5C6D1A1EFF655B00714971 /* TenniarbTests.xctest */,
			);
			name = Products;
			sourceTree = "<group>";
		};
		0C2375ED1ED838D900ECB516 /* Tenniarb */ = {
			isa = PBXGroup;
			children = (
				0C571C59206A069600ACDC6D /* Tenniarb.entitlements */,
				0C439D1E1FFFFA7F0031AE78 /* Experiments */,
				0CFBC7A41F0CAF190072E4FF /* document */,
				0C44D7571EE316F8001B7D01 /* views */,
				0C2375EE1ED838D900ECB516 /* AppDelegate.swift */,
				0C2375F71ED838D900ECB516 /* Assets.xcassets */,
				0C2375F91ED838D900ECB516 /* Main.storyboard */,
				0C2375FC1ED838D900ECB516 /* Info.plist */,
				0C3E41D41F0951EC009C2A2E /* Icon.icns */,
			);
			path = Tenniarb;
			sourceTree = "<group>";
		};
		0C27F05C1EDC223E006CD2A2 /* model */ = {
			isa = PBXGroup;
			children = (
				0C27F05D1EDC225B006CD2A2 /* ElementModel.swift */,
				0C9A4C721FCBD3C30043FD52 /* ElementPersistence.swift */,
				0C439D24200337AB0031AE78 /* ElementProperties.swift */,
				0C9C9410201F749800E67794 /* ElementOperations.swift */,
			);
			name = model;
			path = ..;
			sourceTree = "<group>";
		};
		0C3130601F0A9D0100FA5624 /* Documentation */ = {
			isa = PBXGroup;
			children = (
				0C3130611F0A9D2600FA5624 /* examples.md */,
				0C235ED21F13F4B9004E37AC /* readme.md */,
			);
			name = Documentation;
			sourceTree = "<group>";
		};
		0C35FF0020DC09BD00BE3B2C /* Frameworks */ = {
			isa = PBXGroup;
			children = (
				0C11552621064822007FD827 /* StoreKit.framework */,
				0C35FF0120DC09BD00BE3B2C /* Quartz.framework */,
			);
			name = Frameworks;
			sourceTree = "<group>";
		};
		0C3A36BC2085B3D500CC646C /* controllers */ = {
			isa = PBXGroup;
			children = (
				0CB9183D1FFA465000725EBC /* SourcePopoverViewController.swift */,
				0CC3F381200D07DB0050D7E6 /* TextPropertiesDelegate.swift */,
				0C439D1F1FFFFAD20031AE78 /* Outline-ViewController-Extension.swift */,
				0C3A36BD2085B41100CC646C /* SearchBoxController.swift */,
				0C3E178620FD053A00AB9D3D /* ExportViewController.swift */,
			);
			name = controllers;
			sourceTree = "<group>";
		};
		0C3AA4332041582F0054DCDF /* TenniarbUITests */ = {
			isa = PBXGroup;
			children = (
				0C3AA4342041582F0054DCDF /* TenniarbUITests.swift */,
				0C3AA4362041582F0054DCDF /* Info.plist */,
			);
			path = TenniarbUITests;
			sourceTree = "<group>";
		};
		0C439D1E1FFFFA7F0031AE78 /* Experiments */ = {
			isa = PBXGroup;
			children = (
				0C86047E1EF040F70009B205 /* SceneDraw3D.swift */,
			);
			path = Experiments;
			sourceTree = "<group>";
		};
		0C439D23200336BB0031AE78 /* tenn */ = {
			isa = PBXGroup;
			children = (
				0C439D21200335A10031AE78 /* TennModel.swift */,
				0CB9A8891EFA6EA6003E5B58 /* TennLexer.swift */,
				0C5C6D261EFF7D5900714971 /* TennParser.swift */,
				0CE5F8691F02C64400F7CB88 /* TennPrinter.swift */,
			);
			path = tenn;
			sourceTree = "<group>";
		};
		0C44D7571EE316F8001B7D01 /* views */ = {
			isa = PBXGroup;
			children = (
				0C3A36BC2085B3D500CC646C /* controllers */,
				0CB496991F11D8D600F5CB4C /* scene */,
				0CBF20D31EF98F0200FE17D5 /* WindowController.swift */,
				0C2375F01ED838D900ECB516 /* ViewController.swift */,
			);
			name = views;
			sourceTree = "<group>";
		};
		0C4C16061F2E3685000C5410 /* layout */ = {
			isa = PBXGroup;
			children = (
				0C4C16071F2E369A000C5410 /* LayoutBase.swift */,
			);
			path = layout;
			sourceTree = "<group>";
		};
		0C5C6D1B1EFF655B00714971 /* TenniarbTests */ = {
			isa = PBXGroup;
			children = (
				0C5C6D241EFF669500714971 /* TennTests.swift */,
				0C5C6D1C1EFF655B00714971 /* TenniarbTests.swift */,
				0C5C6D1E1EFF655B00714971 /* Info.plist */,
				0CC4D3531F930F5500875F9E /* PersistenceTests.swift */,
				0CC4D3551F930FE700875F9E /* SampleElementModels.swift */,
			);
			path = TenniarbTests;
			sourceTree = "<group>";
		};
		0CB496991F11D8D600F5CB4C /* scene */ = {
			isa = PBXGroup;
			children = (
				0C34564D1ED88E9100341F1C /* SceneDrawView.swift */,
				0C3E41D11F07EC48009C2A2E /* ElementScene.swift */,
				0C07F9541F4151250042C9F5 /* SceneMath.swift */,
				0C4F1471200889CC009C9EC5 /* ColorNames.swift */,
			);
			name = scene;
			sourceTree = "<group>";
		};
		0CFBC7A41F0CAF190072E4FF /* document */ = {
			isa = PBXGroup;
			children = (
				0C439D23200336BB0031AE78 /* tenn */,
				0C4C16061F2E3685000C5410 /* layout */,
				0C27F05C1EDC223E006CD2A2 /* model */,
				0C2375F21ED838D900ECB516 /* Document.swift */,
			);
			path = document;
			sourceTree = "<group>";
		};
/* End PBXGroup section */

/* Begin PBXNativeTarget section */
		0C2375EA1ED838D900ECB516 /* Tenniarb */ = {
			isa = PBXNativeTarget;
			buildConfigurationList = 0C23760A1ED838D900ECB516 /* Build configuration list for PBXNativeTarget "Tenniarb" */;
			buildPhases = (
				0C2375E71ED838D900ECB516 /* Sources */,
				0C2375E81ED838D900ECB516 /* Frameworks */,
				0C2375E91ED838D900ECB516 /* Resources */,
				0C35FF1120DC09BD00BE3B2C /* Embed App Extensions */,
			);
			buildRules = (
			);
			dependencies = (
			);
			name = Tenniarb;
			productName = Tenniarb;
			productReference = 0C2375EB1ED838D900ECB516 /* Tenniarb.app */;
			productType = "com.apple.product-type.application";
		};
		0C5C6D191EFF655B00714971 /* TenniarbTests */ = {
			isa = PBXNativeTarget;
			buildConfigurationList = 0C5C6D211EFF655B00714971 /* Build configuration list for PBXNativeTarget "TenniarbTests" */;
			buildPhases = (
				0C5C6D161EFF655B00714971 /* Sources */,
				0C5C6D171EFF655B00714971 /* Frameworks */,
				0C5C6D181EFF655B00714971 /* Resources */,
			);
			buildRules = (
			);
			dependencies = (
				0C5C6D201EFF655B00714971 /* PBXTargetDependency */,
			);
			name = TenniarbTests;
			productName = TenniarbTests;
			productReference = 0C5C6D1A1EFF655B00714971 /* TenniarbTests.xctest */;
			productType = "com.apple.product-type.bundle.unit-test";
		};
/* End PBXNativeTarget section */

/* Begin PBXProject section */
		0C2375E31ED838D900ECB516 /* Project object */ = {
			isa = PBXProject;
			attributes = {
				LastSwiftUpdateCheck = 1000;
				LastUpgradeCheck = 0930;
				ORGANIZATIONNAME = "Andrey Sobolev";
				TargetAttributes = {
					0C2375EA1ED838D900ECB516 = {
						CreatedOnToolsVersion = 8.3.2;
						LastSwiftMigration = 0900;
						ProvisioningStyle = Automatic;
						SystemCapabilities = {
							com.apple.InAppPurchase = {
								enabled = 1;
							};
							com.apple.Sandbox = {
								enabled = 1;
							};
						};
					};
					0C5C6D191EFF655B00714971 = {
						CreatedOnToolsVersion = 9.0;
						DevelopmentTeam = 594YM2Y457;
						TestTargetID = 0C2375EA1ED838D900ECB516;
					};
				};
			};
			buildConfigurationList = 0C2375E61ED838D900ECB516 /* Build configuration list for PBXProject "Tenniarb" */;
			compatibilityVersion = "Xcode 9.3";
			developmentRegion = English;
			hasScannedForEncodings = 0;
			knownRegions = (
				en,
				Base,
			);
			mainGroup = 0C2375E21ED838D900ECB516;
			productRefGroup = 0C2375EC1ED838D900ECB516 /* Products */;
			projectDirPath = "";
			projectRoot = "";
			targets = (
				0C2375EA1ED838D900ECB516 /* Tenniarb */,
				0C5C6D191EFF655B00714971 /* TenniarbTests */,
			);
		};
/* End PBXProject section */

/* Begin PBXResourcesBuildPhase section */
		0C2375E91ED838D900ECB516 /* Resources */ = {
			isa = PBXResourcesBuildPhase;
			buildActionMask = 2147483647;
			files = (
				0C2375F81ED838D900ECB516 /* Assets.xcassets in Resources */,
				0C2375FB1ED838D900ECB516 /* Main.storyboard in Resources */,
			);
			runOnlyForDeploymentPostprocessing = 0;
		};
		0C5C6D181EFF655B00714971 /* Resources */ = {
			isa = PBXResourcesBuildPhase;
			buildActionMask = 2147483647;
			files = (
			);
			runOnlyForDeploymentPostprocessing = 0;
		};
/* End PBXResourcesBuildPhase section */

/* Begin PBXSourcesBuildPhase section */
		0C2375E71ED838D900ECB516 /* Sources */ = {
			isa = PBXSourcesBuildPhase;
			buildActionMask = 2147483647;
			files = (
				0CC3F382200D07DB0050D7E6 /* TextPropertiesDelegate.swift in Sources */,
				0C3A36BE2085B41200CC646C /* SearchBoxController.swift in Sources */,
				0C27F05E1EDC225B006CD2A2 /* ElementModel.swift in Sources */,
				0C4F1472200889CC009C9EC5 /* ColorNames.swift in Sources */,
				0C439D22200335A10031AE78 /* TennModel.swift in Sources */,
				0C4C16081F2E369A000C5410 /* LayoutBase.swift in Sources */,
				0C3E178720FD053A00AB9D3D /* ExportViewController.swift in Sources */,
				0C3E41D21F07EC48009C2A2E /* ElementScene.swift in Sources */,
				0C9C9411201F749800E67794 /* ElementOperations.swift in Sources */,
				0C07F9551F4151250042C9F5 /* SceneMath.swift in Sources */,
				0C9A4C731FCBD3C30043FD52 /* ElementPersistence.swift in Sources */,
				0C439D201FFFFAD20031AE78 /* Outline-ViewController-Extension.swift in Sources */,
				0C2375F11ED838D900ECB516 /* ViewController.swift in Sources */,
				0C2375EF1ED838D900ECB516 /* AppDelegate.swift in Sources */,
				0CB9A88A1EFA6EA6003E5B58 /* TennLexer.swift in Sources */,
				0C86047F1EF040F70009B205 /* SceneDraw3D.swift in Sources */,
				0CBF20D41EF98F0200FE17D5 /* WindowController.swift in Sources */,
				0CE5F86A1F02C64400F7CB88 /* TennPrinter.swift in Sources */,
				0C439D25200337AB0031AE78 /* ElementProperties.swift in Sources */,
				0C5C6D271EFF7D5900714971 /* TennParser.swift in Sources */,
				0C2375F31ED838D900ECB516 /* Document.swift in Sources */,
				0C34564E1ED88E9100341F1C /* SceneDrawView.swift in Sources */,
				0CB9183E1FFA465000725EBC /* SourcePopoverViewController.swift in Sources */,
			);
			runOnlyForDeploymentPostprocessing = 0;
		};
		0C5C6D161EFF655B00714971 /* Sources */ = {
			isa = PBXSourcesBuildPhase;
			buildActionMask = 2147483647;
			files = (
				0CC4D3561F930FE700875F9E /* SampleElementModels.swift in Sources */,
				0CC4D3541F930F5500875F9E /* PersistenceTests.swift in Sources */,
				0C5C6D251EFF669500714971 /* TennTests.swift in Sources */,
				0C5C6D1D1EFF655B00714971 /* TenniarbTests.swift in Sources */,
			);
			runOnlyForDeploymentPostprocessing = 0;
		};
/* End PBXSourcesBuildPhase section */

/* Begin PBXTargetDependency section */
		0C5C6D201EFF655B00714971 /* PBXTargetDependency */ = {
			isa = PBXTargetDependency;
			target = 0C2375EA1ED838D900ECB516 /* Tenniarb */;
			targetProxy = 0C5C6D1F1EFF655B00714971 /* PBXContainerItemProxy */;
		};
/* End PBXTargetDependency section */

/* Begin PBXVariantGroup section */
		0C2375F91ED838D900ECB516 /* Main.storyboard */ = {
			isa = PBXVariantGroup;
			children = (
				0C2375FA1ED838D900ECB516 /* Base */,
			);
			name = Main.storyboard;
			sourceTree = "<group>";
		};
/* End PBXVariantGroup section */

/* Begin XCBuildConfiguration section */
		0C2376081ED838D900ECB516 /* Debug */ = {
			isa = XCBuildConfiguration;
			buildSettings = {
				ALWAYS_SEARCH_USER_PATHS = NO;
				CLANG_ANALYZER_NONNULL = YES;
				CLANG_ANALYZER_NUMBER_OBJECT_CONVERSION = YES_AGGRESSIVE;
				CLANG_CXX_LANGUAGE_STANDARD = "gnu++0x";
				CLANG_CXX_LIBRARY = "libc++";
				CLANG_ENABLE_MODULES = YES;
				CLANG_ENABLE_OBJC_ARC = YES;
				CLANG_WARN_BLOCK_CAPTURE_AUTORELEASING = YES;
				CLANG_WARN_BOOL_CONVERSION = YES;
				CLANG_WARN_COMMA = YES;
				CLANG_WARN_CONSTANT_CONVERSION = YES;
				CLANG_WARN_DEPRECATED_OBJC_IMPLEMENTATIONS = YES;
				CLANG_WARN_DIRECT_OBJC_ISA_USAGE = YES_ERROR;
				CLANG_WARN_DOCUMENTATION_COMMENTS = YES;
				CLANG_WARN_EMPTY_BODY = YES;
				CLANG_WARN_ENUM_CONVERSION = YES;
				CLANG_WARN_INFINITE_RECURSION = YES;
				CLANG_WARN_INT_CONVERSION = YES;
				CLANG_WARN_NON_LITERAL_NULL_CONVERSION = YES;
				CLANG_WARN_OBJC_IMPLICIT_RETAIN_SELF = YES;
				CLANG_WARN_OBJC_LITERAL_CONVERSION = YES;
				CLANG_WARN_OBJC_ROOT_CLASS = YES_ERROR;
				CLANG_WARN_RANGE_LOOP_ANALYSIS = YES;
				CLANG_WARN_STRICT_PROTOTYPES = YES;
				CLANG_WARN_SUSPICIOUS_MOVE = YES;
				CLANG_WARN_UNREACHABLE_CODE = YES;
				CLANG_WARN__DUPLICATE_METHOD_MATCH = YES;
				CODE_SIGN_IDENTITY = "-";
				COPY_PHASE_STRIP = YES;
				DEBUG_INFORMATION_FORMAT = dwarf;
				ENABLE_STRICT_OBJC_MSGSEND = YES;
				ENABLE_TESTABILITY = YES;
				GCC_C_LANGUAGE_STANDARD = gnu99;
				GCC_DYNAMIC_NO_PIC = NO;
				GCC_NO_COMMON_BLOCKS = YES;
				GCC_OPTIMIZATION_LEVEL = 0;
				GCC_PREPROCESSOR_DEFINITIONS = (
					"DEBUG=1",
					"$(inherited)",
				);
				GCC_WARN_64_TO_32_BIT_CONVERSION = YES;
				GCC_WARN_ABOUT_RETURN_TYPE = YES_ERROR;
				GCC_WARN_UNDECLARED_SELECTOR = YES;
				GCC_WARN_UNINITIALIZED_AUTOS = YES_AGGRESSIVE;
				GCC_WARN_UNUSED_FUNCTION = YES;
				GCC_WARN_UNUSED_VARIABLE = YES;
				MACOSX_DEPLOYMENT_TARGET = 10.12;
				MTL_ENABLE_DEBUG_INFO = YES;
				ONLY_ACTIVE_ARCH = YES;
				SDKROOT = macosx;
				SWIFT_ACTIVE_COMPILATION_CONDITIONS = DEBUG;
				SWIFT_COMPILATION_MODE = singlefile;
				SWIFT_OPTIMIZATION_LEVEL = "-Onone";
				SWIFT_VERSION = 3.0;
				VALID_ARCHS = x86_64;
			};
			name = Debug;
		};
		0C2376091ED838D900ECB516 /* Release */ = {
			isa = XCBuildConfiguration;
			buildSettings = {
				ALWAYS_SEARCH_USER_PATHS = NO;
				CLANG_ANALYZER_NONNULL = YES;
				CLANG_ANALYZER_NUMBER_OBJECT_CONVERSION = YES_AGGRESSIVE;
				CLANG_CXX_LANGUAGE_STANDARD = "gnu++0x";
				CLANG_CXX_LIBRARY = "libc++";
				CLANG_ENABLE_MODULES = YES;
				CLANG_ENABLE_OBJC_ARC = YES;
				CLANG_WARN_BLOCK_CAPTURE_AUTORELEASING = YES;
				CLANG_WARN_BOOL_CONVERSION = YES;
				CLANG_WARN_COMMA = YES;
				CLANG_WARN_CONSTANT_CONVERSION = YES;
				CLANG_WARN_DEPRECATED_OBJC_IMPLEMENTATIONS = YES;
				CLANG_WARN_DIRECT_OBJC_ISA_USAGE = YES_ERROR;
				CLANG_WARN_DOCUMENTATION_COMMENTS = YES;
				CLANG_WARN_EMPTY_BODY = YES;
				CLANG_WARN_ENUM_CONVERSION = YES;
				CLANG_WARN_INFINITE_RECURSION = YES;
				CLANG_WARN_INT_CONVERSION = YES;
				CLANG_WARN_NON_LITERAL_NULL_CONVERSION = YES;
				CLANG_WARN_OBJC_IMPLICIT_RETAIN_SELF = YES;
				CLANG_WARN_OBJC_LITERAL_CONVERSION = YES;
				CLANG_WARN_OBJC_ROOT_CLASS = YES_ERROR;
				CLANG_WARN_RANGE_LOOP_ANALYSIS = YES;
				CLANG_WARN_STRICT_PROTOTYPES = YES;
				CLANG_WARN_SUSPICIOUS_MOVE = YES;
				CLANG_WARN_UNREACHABLE_CODE = YES;
				CLANG_WARN__DUPLICATE_METHOD_MATCH = YES;
				CODE_SIGN_IDENTITY = "-";
				COPY_PHASE_STRIP = YES;
				DEBUG_INFORMATION_FORMAT = "dwarf-with-dsym";
				ENABLE_NS_ASSERTIONS = NO;
				ENABLE_STRICT_OBJC_MSGSEND = YES;
				GCC_C_LANGUAGE_STANDARD = gnu99;
				GCC_NO_COMMON_BLOCKS = YES;
				GCC_WARN_64_TO_32_BIT_CONVERSION = YES;
				GCC_WARN_ABOUT_RETURN_TYPE = YES_ERROR;
				GCC_WARN_UNDECLARED_SELECTOR = YES;
				GCC_WARN_UNINITIALIZED_AUTOS = YES_AGGRESSIVE;
				GCC_WARN_UNUSED_FUNCTION = YES;
				GCC_WARN_UNUSED_VARIABLE = YES;
				MACOSX_DEPLOYMENT_TARGET = 10.12;
				MTL_ENABLE_DEBUG_INFO = NO;
				SDKROOT = macosx;
				SWIFT_COMPILATION_MODE = wholemodule;
				SWIFT_OPTIMIZATION_LEVEL = "-O";
				SWIFT_VERSION = 3.0;
				VALID_ARCHS = x86_64;
			};
			name = Release;
		};
		0C23760B1ED838D900ECB516 /* Debug */ = {
			isa = XCBuildConfiguration;
			buildSettings = {
				ASSETCATALOG_COMPILER_APPICON_NAME = AppIcon;
				CLANG_ENABLE_OBJC_WEAK = YES;
				CODE_SIGN_ENTITLEMENTS = Tenniarb/Tenniarb.entitlements;
				CODE_SIGN_IDENTITY = "Mac Developer";
				CODE_SIGN_STYLE = Automatic;
				COMBINE_HIDPI_IMAGES = YES;
				DEVELOPMENT_TEAM = 594YM2Y457;
				INFOPLIST_FILE = Tenniarb/Info.plist;
				LD_RUNPATH_SEARCH_PATHS = (
					"$(inherited)",
					"@executable_path/../Frameworks",
				);
				MACOSX_DEPLOYMENT_TARGET = 10.12;
				PRODUCT_BUNDLE_IDENTIFIER = andrey.sobolev.Tenniarb;
				PRODUCT_NAME = "$(TARGET_NAME)";
				PROVISIONING_PROFILE_SPECIFIER = "";
				SWIFT_SWIFT3_OBJC_INFERENCE = Default;
				SWIFT_VERSION = 4.0;
			};
			name = Debug;
		};
		0C23760C1ED838D900ECB516 /* Release */ = {
			isa = XCBuildConfiguration;
			buildSettings = {
				ASSETCATALOG_COMPILER_APPICON_NAME = AppIcon;
				CLANG_ENABLE_OBJC_WEAK = YES;
				CODE_SIGN_ENTITLEMENTS = Tenniarb/Tenniarb.entitlements;
				CODE_SIGN_IDENTITY = "Mac Developer";
				CODE_SIGN_STYLE = Automatic;
				COMBINE_HIDPI_IMAGES = YES;
				DEVELOPMENT_TEAM = 594YM2Y457;
				INFOPLIST_FILE = Tenniarb/Info.plist;
				LD_RUNPATH_SEARCH_PATHS = (
					"$(inherited)",
					"@executable_path/../Frameworks",
				);
				MACOSX_DEPLOYMENT_TARGET = 10.12;
				PRODUCT_BUNDLE_IDENTIFIER = andrey.sobolev.Tenniarb;
				PRODUCT_NAME = "$(TARGET_NAME)";
				PROVISIONING_PROFILE_SPECIFIER = "";
				SWIFT_SWIFT3_OBJC_INFERENCE = Default;
				SWIFT_VERSION = 4.0;
			};
			name = Release;
		};
		0C5C6D221EFF655B00714971 /* Debug */ = {
			isa = XCBuildConfiguration;
			buildSettings = {
				BUNDLE_LOADER = "$(TEST_HOST)";
				CLANG_CXX_LANGUAGE_STANDARD = "gnu++14";
				CLANG_ENABLE_OBJC_WEAK = YES;
				CLANG_WARN_UNGUARDED_AVAILABILITY = YES_AGGRESSIVE;
				CODE_SIGN_IDENTITY = "Mac Developer";
				COMBINE_HIDPI_IMAGES = YES;
				DEVELOPMENT_TEAM = 594YM2Y457;
				GCC_C_LANGUAGE_STANDARD = gnu11;
				INFOPLIST_FILE = TenniarbTests/Info.plist;
				LD_RUNPATH_SEARCH_PATHS = (
					"$(inherited)",
					"@executable_path/../Frameworks",
					"@loader_path/../Frameworks",
				);
				MACOSX_DEPLOYMENT_TARGET = 10.13;
				PRODUCT_BUNDLE_IDENTIFIER = andery.sobolev.TenniarbTests;
				PRODUCT_NAME = "$(TARGET_NAME)";
				SWIFT_VERSION = 4.0;
				TEST_HOST = "$(BUILT_PRODUCTS_DIR)/Tenniarb.app/Contents/MacOS/Tenniarb";
			};
			name = Debug;
		};
		0C5C6D231EFF655B00714971 /* Release */ = {
			isa = XCBuildConfiguration;
			buildSettings = {
				BUNDLE_LOADER = "$(TEST_HOST)";
				CLANG_CXX_LANGUAGE_STANDARD = "gnu++14";
				CLANG_ENABLE_OBJC_WEAK = YES;
				CLANG_WARN_UNGUARDED_AVAILABILITY = YES_AGGRESSIVE;
				CODE_SIGN_IDENTITY = "Mac Developer";
				COMBINE_HIDPI_IMAGES = YES;
				DEVELOPMENT_TEAM = 594YM2Y457;
				GCC_C_LANGUAGE_STANDARD = gnu11;
				INFOPLIST_FILE = TenniarbTests/Info.plist;
				LD_RUNPATH_SEARCH_PATHS = (
					"$(inherited)",
					"@executable_path/../Frameworks",
					"@loader_path/../Frameworks",
				);
				MACOSX_DEPLOYMENT_TARGET = 10.13;
				PRODUCT_BUNDLE_IDENTIFIER = andery.sobolev.TenniarbTests;
				PRODUCT_NAME = "$(TARGET_NAME)";
				SWIFT_VERSION = 4.0;
				TEST_HOST = "$(BUILT_PRODUCTS_DIR)/Tenniarb.app/Contents/MacOS/Tenniarb";
			};
			name = Release;
		};
/* End XCBuildConfiguration section */

/* Begin XCConfigurationList section */
		0C2375E61ED838D900ECB516 /* Build configuration list for PBXProject "Tenniarb" */ = {
			isa = XCConfigurationList;
			buildConfigurations = (
				0C2376081ED838D900ECB516 /* Debug */,
				0C2376091ED838D900ECB516 /* Release */,
			);
			defaultConfigurationIsVisible = 0;
			defaultConfigurationName = Release;
		};
		0C23760A1ED838D900ECB516 /* Build configuration list for PBXNativeTarget "Tenniarb" */ = {
			isa = XCConfigurationList;
			buildConfigurations = (
				0C23760B1ED838D900ECB516 /* Debug */,
				0C23760C1ED838D900ECB516 /* Release */,
			);
			defaultConfigurationIsVisible = 0;
			defaultConfigurationName = Release;
		};
		0C5C6D211EFF655B00714971 /* Build configuration list for PBXNativeTarget "TenniarbTests" */ = {
			isa = XCConfigurationList;
			buildConfigurations = (
				0C5C6D221EFF655B00714971 /* Debug */,
				0C5C6D231EFF655B00714971 /* Release */,
			);
			defaultConfigurationIsVisible = 0;
			defaultConfigurationName = Release;
		};
/* End XCConfigurationList section */
	};
	rootObject = 0C2375E31ED838D900ECB516 /* Project object */;
}
