{
  "originHash" : "f388ad9de7fca36026122f51d02cc696e4a5ce117f664d8a5a9447358ebe674d",
  "pins" : [
    {
      "identity" : "cmkdown",
      "kind" : "remoteSourceControl",
      "location" : "https://github.com/haiodo/cmkdown",
      "state" : {
        "branch" : "main",
        "revision" : "df95663fa07adb51a6ca04b645b30257c5012655"
      }
    }
  ],
  "version" : 3
}
